<?xml version="1.0" encoding="utf-8"?>
<Project ToolsVersion="17.0" xmlns="http://schemas.microsoft.com/developer/msbuild/2003">
  <ItemGroup>
    <ClCompile Include="C:\Users\16478\source\repos\AWS-SpeechRecognition\AWS-SpeechRecognition.cpp">
      <Filter>Source Files</Filter>
    </ClCompile>
    <ClCompile Include="C:\Users\16478\source\repos\AWS-SpeechRecognition\audio-capture.cpp">
      <Filter>Source Files</Filter>
    </ClCompile>
  </ItemGroup>
  <ItemGroup>
    <ClInclude Include="C:\Users\16478\source\repos\AWS-SpeechRecognition\AWS-SpeechRecognition.h">
      <Filter>Header Files</Filter>
    </ClInclude>
  </ItemGroup>
  <ItemGroup>
    <CustomBuild Include="C:\Users\16478\source\repos\AWS-SpeechRecognition\CMakeLists.txt" />
  </ItemGroup>
  <ItemGroup>
    <Filter Include="Header Files">
      <UniqueIdentifier>{04DDD296-5CB0-3998-87B5-501F48D1A027}</UniqueIdentifier>
    </Filter>
    <Filter Include="Source Files">
      <UniqueIdentifier>{184BDF1D-4045-35EE-AEE2-83320BE012E4}</UniqueIdentifier>
    </Filter>
  </ItemGroup>
</Project>
